// !$*UTF8*$!
{
	archiveVersion = 1;
	classes = {
	};
	objectVersion = 56;
	objects = {

/* Begin PBXBuildFile section */
		C67995862BB5C43C00EFD9B5 /* SwiftChatApp.swift in Sources */ = {isa = PBXBuildFile; fileRef = C67995852BB5C43C00EFD9B5 /* SwiftChatApp.swift */; };
		C679958A2BB5C43E00EFD9B5 /* Assets.xcassets in Resources */ = {isa = PBXBuildFile; fileRef = C67995892BB5C43E00EFD9B5 /* Assets.xcassets */; };
		C679958D2BB5C43E00EFD9B5 /* Preview Assets.xcassets in Resources */ = {isa = PBXBuildFile; fileRef = C679958C2BB5C43E00EFD9B5 /* Preview Assets.xcassets */; };
		C67995942BB5C46100EFD9B5 /* ChatView.swift in Sources */ = {isa = PBXBuildFile; fileRef = C67995932BB5C46100EFD9B5 /* ChatView.swift */; };
		C67995972BB5CDCD00EFD9B5 /* MessageRow.swift in Sources */ = {isa = PBXBuildFile; fileRef = C67995962BB5CDCD00EFD9B5 /* MessageRow.swift */; };
		C679959B2BB7CE7E00EFD9B5 /* User.swift in Sources */ = {isa = PBXBuildFile; fileRef = C679959A2BB7CE7E00EFD9B5 /* User.swift */; };
		C679959F2BB7D08900EFD9B5 /* Message.swift in Sources */ = {isa = PBXBuildFile; fileRef = C679959E2BB7D08900EFD9B5 /* Message.swift */; };
		C67995A12BB7D2F300EFD9B5 /* Chat.swift in Sources */ = {isa = PBXBuildFile; fileRef = C67995A02BB7D2F300EFD9B5 /* Chat.swift */; };
		C6B9E93F2BB7D4440025CC7D /* chatData.json in Resources */ = {isa = PBXBuildFile; fileRef = C6B9E93E2BB7D4440025CC7D /* chatData.json */; };
		C6B9E9462BB8027D0025CC7D /* ChatViewModel.swift in Sources */ = {isa = PBXBuildFile; fileRef = C6B9E9452BB8027D0025CC7D /* ChatViewModel.swift */; };
/* End PBXBuildFile section */

/* Begin PBXFileReference section */
		C67995822BB5C43C00EFD9B5 /* SwiftChat.app */ = {isa = PBXFileReference; explicitFileType = wrapper.application; includeInIndex = 0; path = SwiftChat.app; sourceTree = BUILT_PRODUCTS_DIR; };
		C67995852BB5C43C00EFD9B5 /* SwiftChatApp.swift */ = {isa = PBXFileReference; lastKnownFileType = sourcecode.swift; path = SwiftChatApp.swift; sourceTree = "<group>"; };
		C67995892BB5C43E00EFD9B5 /* Assets.xcassets */ = {isa = PBXFileReference; lastKnownFileType = folder.assetcatalog; path = Assets.xcassets; sourceTree = "<group>"; };
		C679958C2BB5C43E00EFD9B5 /* Preview Assets.xcassets */ = {isa = PBXFileReference; lastKnownFileType = folder.assetcatalog; path = "Preview Assets.xcassets"; sourceTree = "<group>"; };
		C67995932BB5C46100EFD9B5 /* ChatView.swift */ = {isa = PBXFileReference; lastKnownFileType = sourcecode.swift; path = ChatView.swift; sourceTree = "<group>"; };
		C67995952BB5C6FA00EFD9B5 /* README.md */ = {isa = PBXFileReference; lastKnownFileType = net.daringfireball.markdown; path = README.md; sourceTree = "<group>"; };
		C67995962BB5CDCD00EFD9B5 /* MessageRow.swift */ = {isa = PBXFileReference; lastKnownFileType = sourcecode.swift; path = MessageRow.swift; sourceTree = "<group>"; };
		C679959A2BB7CE7E00EFD9B5 /* User.swift */ = {isa = PBXFileReference; lastKnownFileType = sourcecode.swift; path = User.swift; sourceTree = "<group>"; };
		C679959E2BB7D08900EFD9B5 /* Message.swift */ = {isa = PBXFileReference; lastKnownFileType = sourcecode.swift; path = Message.swift; sourceTree = "<group>"; };
		C67995A02BB7D2F300EFD9B5 /* Chat.swift */ = {isa = PBXFileReference; lastKnownFileType = sourcecode.swift; path = Chat.swift; sourceTree = "<group>"; };
		C6B9E93E2BB7D4440025CC7D /* chatData.json */ = {isa = PBXFileReference; fileEncoding = 4; lastKnownFileType = text.json; path = chatData.json; sourceTree = "<group>"; };
		C6B9E9452BB8027D0025CC7D /* ChatViewModel.swift */ = {isa = PBXFileReference; lastKnownFileType = sourcecode.swift; path = ChatViewModel.swift; sourceTree = "<group>"; };
/* End PBXFileReference section */

/* Begin PBXFrameworksBuildPhase section */
		C679957F2BB5C43C00EFD9B5 /* Frameworks */ = {
			isa = PBXFrameworksBuildPhase;
			buildActionMask = 2147483647;
			files = (
			);
			runOnlyForDeploymentPostprocessing = 0;
		};
/* End PBXFrameworksBuildPhase section */

/* Begin PBXGroup section */
		C67995792BB5C43C00EFD9B5 = {
			isa = PBXGroup;
			children = (
				C67995952BB5C6FA00EFD9B5 /* README.md */,
				C67995842BB5C43C00EFD9B5 /* SwiftChat */,
				C67995832BB5C43C00EFD9B5 /* Products */,
			);
			sourceTree = "<group>";
		};
		C67995832BB5C43C00EFD9B5 /* Products */ = {
			isa = PBXGroup;
			children = (
				C67995822BB5C43C00EFD9B5 /* SwiftChat.app */,
			);
			name = Products;
			sourceTree = "<group>";
		};
		C67995842BB5C43C00EFD9B5 /* SwiftChat */ = {
			isa = PBXGroup;
			children = (
				C67995852BB5C43C00EFD9B5 /* SwiftChatApp.swift */,
				C6B9E93D2BB7D42A0025CC7D /* DataServices */,
				C67995992BB7CE5700EFD9B5 /* Models */,
				C6B9E9402BB7FBB60025CC7D /* ViewModels */,
				C67995982BB5CDEC00EFD9B5 /* Views */,
				C67995892BB5C43E00EFD9B5 /* Assets.xcassets */,
				C679958B2BB5C43E00EFD9B5 /* Preview Content */,
			);
			path = SwiftChat;
			sourceTree = "<group>";
		};
		C679958B2BB5C43E00EFD9B5 /* Preview Content */ = {
			isa = PBXGroup;
			children = (
				C679958C2BB5C43E00EFD9B5 /* Preview Assets.xcassets */,
			);
			path = "Preview Content";
			sourceTree = "<group>";
		};
		C67995982BB5CDEC00EFD9B5 /* Views */ = {
			isa = PBXGroup;
			children = (
				C67995932BB5C46100EFD9B5 /* ChatView.swift */,
				C67995962BB5CDCD00EFD9B5 /* MessageRow.swift */,
			);
			path = Views;
			sourceTree = "<group>";
		};
		C67995992BB7CE5700EFD9B5 /* Models */ = {
			isa = PBXGroup;
			children = (
				C679959A2BB7CE7E00EFD9B5 /* User.swift */,
				C679959E2BB7D08900EFD9B5 /* Message.swift */,
				C67995A02BB7D2F300EFD9B5 /* Chat.swift */,
			);
			path = Models;
			sourceTree = "<group>";
		};
		C6B9E93D2BB7D42A0025CC7D /* DataServices */ = {
			isa = PBXGroup;
			children = (
				C6B9E93E2BB7D4440025CC7D /* chatData.json */,
			);
			path = DataServices;
			sourceTree = "<group>";
		};
		C6B9E9402BB7FBB60025CC7D /* ViewModels */ = {
			isa = PBXGroup;
			children = (
				C6B9E9452BB8027D0025CC7D /* ChatViewModel.swift */,
			);
			path = ViewModels;
			sourceTree = "<group>";
		};
/* End PBXGroup section */

/* Begin PBXNativeTarget section */
		C67995812BB5C43C00EFD9B5 /* SwiftChat */ = {
			isa = PBXNativeTarget;
			buildConfigurationList = C67995902BB5C43E00EFD9B5 /* Build configuration list for PBXNativeTarget "SwiftChat" */;
			buildPhases = (
				C679957E2BB5C43C00EFD9B5 /* Sources */,
				C679957F2BB5C43C00EFD9B5 /* Frameworks */,
				C67995802BB5C43C00EFD9B5 /* Resources */,
			);
			buildRules = (
			);
			dependencies = (
			);
			name = SwiftChat;
			productName = SwiftChat;
			productReference = C67995822BB5C43C00EFD9B5 /* SwiftChat.app */;
			productType = "com.apple.product-type.application";
		};
/* End PBXNativeTarget section */

/* Begin PBXProject section */
		C679957A2BB5C43C00EFD9B5 /* Project object */ = {
			isa = PBXProject;
			attributes = {
				BuildIndependentTargetsInParallel = 1;
				LastSwiftUpdateCheck = 1530;
				LastUpgradeCheck = 1530;
				TargetAttributes = {
					C67995812BB5C43C00EFD9B5 = {
						CreatedOnToolsVersion = 15.3;
					};
				};
			};
			buildConfigurationList = C679957D2BB5C43C00EFD9B5 /* Build configuration list for PBXProject "SwiftChat" */;
			compatibilityVersion = "Xcode 14.0";
			developmentRegion = en;
			hasScannedForEncodings = 0;
			knownRegions = (
				en,
				Base,
			);
			mainGroup = C67995792BB5C43C00EFD9B5;
			productRefGroup = C67995832BB5C43C00EFD9B5 /* Products */;
			projectDirPath = "";
			projectRoot = "";
			targets = (
				C67995812BB5C43C00EFD9B5 /* SwiftChat */,
			);
		};
/* End PBXProject section */

/* Begin PBXResourcesBuildPhase section */
		C67995802BB5C43C00EFD9B5 /* Resources */ = {
			isa = PBXResourcesBuildPhase;
			buildActionMask = 2147483647;
			files = (
				C679958D2BB5C43E00EFD9B5 /* Preview Assets.xcassets in Resources */,
				C6B9E93F2BB7D4440025CC7D /* chatData.json in Resources */,
				C679958A2BB5C43E00EFD9B5 /* Assets.xcassets in Resources */,
			);
			runOnlyForDeploymentPostprocessing = 0;
		};
/* End PBXResourcesBuildPhase section */

/* Begin PBXSourcesBuildPhase section */
		C679957E2BB5C43C00EFD9B5 /* Sources */ = {
			isa = PBXSourcesBuildPhase;
			buildActionMask = 2147483647;
			files = (
				C679959B2BB7CE7E00EFD9B5 /* User.swift in Sources */,
				C6B9E9462BB8027D0025CC7D /* ChatViewModel.swift in Sources */,
				C67995A12BB7D2F300EFD9B5 /* Chat.swift in Sources */,
				C67995942BB5C46100EFD9B5 /* ChatView.swift in Sources */,
				C679959F2BB7D08900EFD9B5 /* Message.swift in Sources */,
				C67995862BB5C43C00EFD9B5 /* SwiftChatApp.swift in Sources */,
				C67995972BB5CDCD00EFD9B5 /* MessageRow.swift in Sources */,
			);
			runOnlyForDeploymentPostprocessing = 0;
		};
/* End PBXSourcesBuildPhase section */

/* Begin XCBuildConfiguration section */
		C679958E2BB5C43E00EFD9B5 /* Debug */ = {
			isa = XCBuildConfiguration;
			buildSettings = {
				ALWAYS_SEARCH_USER_PATHS = NO;
				ASSETCATALOG_COMPILER_GENERATE_SWIFT_ASSET_SYMBOL_EXTENSIONS = YES;
				CLANG_ANALYZER_NONNULL = YES;
				CLANG_ANALYZER_NUMBER_OBJECT_CONVERSION = YES_AGGRESSIVE;
				CLANG_CXX_LANGUAGE_STANDARD = "gnu++20";
				CLANG_ENABLE_MODULES = YES;
				CLANG_ENABLE_OBJC_ARC = YES;
				CLANG_ENABLE_OBJC_WEAK = YES;
				CLANG_WARN_BLOCK_CAPTURE_AUTORELEASING = YES;
				CLANG_WARN_BOOL_CONVERSION = YES;
				CLANG_WARN_COMMA = YES;
				CLANG_WARN_CONSTANT_CONVERSION = YES;
				CLANG_WARN_DEPRECATED_OBJC_IMPLEMENTATIONS = YES;
				CLANG_WARN_DIRECT_OBJC_ISA_USAGE = YES_ERROR;
				CLANG_WARN_DOCUMENTATION_COMMENTS = YES;
				CLANG_WARN_EMPTY_BODY = YES;
				CLANG_WARN_ENUM_CONVERSION = YES;
				CLANG_WARN_INFINITE_RECURSION = YES;
				CLANG_WARN_INT_CONVERSION = YES;
				CLANG_WARN_NON_LITERAL_NULL_CONVERSION = YES;
				CLANG_WARN_OBJC_IMPLICIT_RETAIN_SELF = YES;
				CLANG_WARN_OBJC_LITERAL_CONVERSION = YES;
				CLANG_WARN_OBJC_ROOT_CLASS = YES_ERROR;
				CLANG_WARN_QUOTED_INCLUDE_IN_FRAMEWORK_HEADER = YES;
				CLANG_WARN_RANGE_LOOP_ANALYSIS = YES;
				CLANG_WARN_STRICT_PROTOTYPES = YES;
				CLANG_WARN_SUSPICIOUS_MOVE = YES;
				CLANG_WARN_UNGUARDED_AVAILABILITY = YES_AGGRESSIVE;
				CLANG_WARN_UNREACHABLE_CODE = YES;
				CLANG_WARN__DUPLICATE_METHOD_MATCH = YES;
				COPY_PHASE_STRIP = NO;
				DEBUG_INFORMATION_FORMAT = dwarf;
				ENABLE_STRICT_OBJC_MSGSEND = YES;
				ENABLE_TESTABILITY = YES;
				ENABLE_USER_SCRIPT_SANDBOXING = YES;
				GCC_C_LANGUAGE_STANDARD = gnu17;
				GCC_DYNAMIC_NO_PIC = NO;
				GCC_NO_COMMON_BLOCKS = YES;
				GCC_OPTIMIZATION_LEVEL = 0;
				GCC_PREPROCESSOR_DEFINITIONS = (
					"DEBUG=1",
					"$(inherited)",
				);
				GCC_WARN_64_TO_32_BIT_CONVERSION = YES;
				GCC_WARN_ABOUT_RETURN_TYPE = YES_ERROR;
				GCC_WARN_UNDECLARED_SELECTOR = YES;
				GCC_WARN_UNINITIALIZED_AUTOS = YES_AGGRESSIVE;
				GCC_WARN_UNUSED_FUNCTION = YES;
				GCC_WARN_UNUSED_VARIABLE = YES;
				IPHONEOS_DEPLOYMENT_TARGET = 17.4;
				LOCALIZATION_PREFERS_STRING_CATALOGS = YES;
				MTL_ENABLE_DEBUG_INFO = INCLUDE_SOURCE;
				MTL_FAST_MATH = YES;
				ONLY_ACTIVE_ARCH = YES;
				SDKROOT = iphoneos;
				SWIFT_ACTIVE_COMPILATION_CONDITIONS = "DEBUG $(inherited)";
				SWIFT_OPTIMIZATION_LEVEL = "-Onone";
			};
			name = Debug;
		};
		C679958F2BB5C43E00EFD9B5 /* Release */ = {
			isa = XCBuildConfiguration;
			buildSettings = {
				ALWAYS_SEARCH_USER_PATHS = NO;
				ASSETCATALOG_COMPILER_GENERATE_SWIFT_ASSET_SYMBOL_EXTENSIONS = YES;
				CLANG_ANALYZER_NONNULL = YES;
				CLANG_ANALYZER_NUMBER_OBJECT_CONVERSION = YES_AGGRESSIVE;
				CLANG_CXX_LANGUAGE_STANDARD = "gnu++20";
				CLANG_ENABLE_MODULES = YES;
				CLANG_ENABLE_OBJC_ARC = YES;
				CLANG_ENABLE_OBJC_WEAK = YES;
				CLANG_WARN_BLOCK_CAPTURE_AUTORELEASING = YES;
				CLANG_WARN_BOOL_CONVERSION = YES;
				CLANG_WARN_COMMA = YES;
				CLANG_WARN_CONSTANT_CONVERSION = YES;
				CLANG_WARN_DEPRECATED_OBJC_IMPLEMENTATIONS = YES;
				CLANG_WARN_DIRECT_OBJC_ISA_USAGE = YES_ERROR;
				CLANG_WARN_DOCUMENTATION_COMMENTS = YES;
				CLANG_WARN_EMPTY_BODY = YES;
				CLANG_WARN_ENUM_CONVERSION = YES;
				CLANG_WARN_INFINITE_RECURSION = YES;
				CLANG_WARN_INT_CONVERSION = YES;
				CLANG_WARN_NON_LITERAL_NULL_CONVERSION = YES;
				CLANG_WARN_OBJC_IMPLICIT_RETAIN_SELF = YES;
				CLANG_WARN_OBJC_LITERAL_CONVERSION = YES;
				CLANG_WARN_OBJC_ROOT_CLASS = YES_ERROR;
				CLANG_WARN_QUOTED_INCLUDE_IN_FRAMEWORK_HEADER = YES;
				CLANG_WARN_RANGE_LOOP_ANALYSIS = YES;
				CLANG_WARN_STRICT_PROTOTYPES = YES;
				CLANG_WARN_SUSPICIOUS_MOVE = YES;
				CLANG_WARN_UNGUARDED_AVAILABILITY = YES_AGGRESSIVE;
				CLANG_WARN_UNREACHABLE_CODE = YES;
				CLANG_WARN__DUPLICATE_METHOD_MATCH = YES;
				COPY_PHASE_STRIP = NO;
				DEBUG_INFORMATION_FORMAT = "dwarf-with-dsym";
				ENABLE_NS_ASSERTIONS = NO;
				ENABLE_STRICT_OBJC_MSGSEND = YES;
				ENABLE_USER_SCRIPT_SANDBOXING = YES;
				GCC_C_LANGUAGE_STANDARD = gnu17;
				GCC_NO_COMMON_BLOCKS = YES;
				GCC_WARN_64_TO_32_BIT_CONVERSION = YES;
				GCC_WARN_ABOUT_RETURN_TYPE = YES_ERROR;
				GCC_WARN_UNDECLARED_SELECTOR = YES;
				GCC_WARN_UNINITIALIZED_AUTOS = YES_AGGRESSIVE;
				GCC_WARN_UNUSED_FUNCTION = YES;
				GCC_WARN_UNUSED_VARIABLE = YES;
				IPHONEOS_DEPLOYMENT_TARGET = 17.4;
				LOCALIZATION_PREFERS_STRING_CATALOGS = YES;
				MTL_ENABLE_DEBUG_INFO = NO;
				MTL_FAST_MATH = YES;
				SDKROOT = iphoneos;
				SWIFT_COMPILATION_MODE = wholemodule;
				VALIDATE_PRODUCT = YES;
			};
			name = Release;
		};
		C67995912BB5C43E00EFD9B5 /* Debug */ = {
			isa = XCBuildConfiguration;
			buildSettings = {
				ASSETCATALOG_COMPILER_APPICON_NAME = AppIcon;
				ASSETCATALOG_COMPILER_GLOBAL_ACCENT_COLOR_NAME = AccentColor;
				CODE_SIGN_STYLE = Automatic;
				CURRENT_PROJECT_VERSION = 1;
				DEVELOPMENT_ASSET_PATHS = "\"SwiftChat/Preview Content\"";
				DEVELOPMENT_TEAM = 7ZJC8B78ZG;
				ENABLE_PREVIEWS = YES;
				GENERATE_INFOPLIST_FILE = YES;
				INFOPLIST_KEY_UIApplicationSceneManifest_Generation = YES;
				INFOPLIST_KEY_UIApplicationSupportsIndirectInputEvents = YES;
				INFOPLIST_KEY_UILaunchScreen_Generation = YES;
				INFOPLIST_KEY_UISupportedInterfaceOrientations_iPad = "UIInterfaceOrientationPortrait UIInterfaceOrientationPortraitUpsideDown UIInterfaceOrientationLandscapeLeft UIInterfaceOrientationLandscapeRight";
				INFOPLIST_KEY_UISupportedInterfaceOrientations_iPhone = "UIInterfaceOrientationPortrait UIInterfaceOrientationLandscapeLeft UIInterfaceOrientationLandscapeRight";
				LD_RUNPATH_SEARCH_PATHS = (
					"$(inherited)",
					"@executable_path/Frameworks",
				);
				MARKETING_VERSION = 1.0;
				PRODUCT_BUNDLE_IDENTIFIER = com.katz0726.SwiftChat;
				PRODUCT_NAME = "$(TARGET_NAME)";
				SWIFT_EMIT_LOC_STRINGS = YES;
				SWIFT_VERSION = 5.0;
				TARGETED_DEVICE_FAMILY = "1,2";
			};
			name = Debug;
		};
		C67995922BB5C43E00EFD9B5 /* Release */ = {
			isa = XCBuildConfiguration;
			buildSettings = {
				ASSETCATALOG_COMPILER_APPICON_NAME = AppIcon;
				ASSETCATALOG_COMPILER_GLOBAL_ACCENT_COLOR_NAME = AccentColor;
				CODE_SIGN_STYLE = Automatic;
				CURRENT_PROJECT_VERSION = 1;
				DEVELOPMENT_ASSET_PATHS = "\"SwiftChat/Preview Content\"";
				DEVELOPMENT_TEAM = 7ZJC8B78ZG;
				ENABLE_PREVIEWS = YES;
				GENERATE_INFOPLIST_FILE = YES;
				INFOPLIST_KEY_UIApplicationSceneManifest_Generation = YES;
				INFOPLIST_KEY_UIApplicationSupportsIndirectInputEvents = YES;
				INFOPLIST_KEY_UILaunchScreen_Generation = YES;
				INFOPLIST_KEY_UISupportedInterfaceOrientations_iPad = "UIInterfaceOrientationPortrait UIInterfaceOrientationPortraitUpsideDown UIInterfaceOrientationLandscapeLeft UIInterfaceOrientationLandscapeRight";
				INFOPLIST_KEY_UISupportedInterfaceOrientations_iPhone = "UIInterfaceOrientationPortrait UIInterfaceOrientationLandscapeLeft UIInterfaceOrientationLandscapeRight";
				LD_RUNPATH_SEARCH_PATHS = (
					"$(inherited)",
					"@executable_path/Frameworks",
				);
				MARKETING_VERSION = 1.0;
				PRODUCT_BUNDLE_IDENTIFIER = com.katz0726.SwiftChat;
				PRODUCT_NAME = "$(TARGET_NAME)";
				SWIFT_EMIT_LOC_STRINGS = YES;
				SWIFT_VERSION = 5.0;
				TARGETED_DEVICE_FAMILY = "1,2";
			};
			name = Release;
		};
/* End XCBuildConfiguration section */

/* Begin XCConfigurationList section */
		C679957D2BB5C43C00EFD9B5 /* Build configuration list for PBXProject "SwiftChat" */ = {
			isa = XCConfigurationList;
			buildConfigurations = (
				C679958E2BB5C43E00EFD9B5 /* Debug */,
				C679958F2BB5C43E00EFD9B5 /* Release */,
			);
			defaultConfigurationIsVisible = 0;
			defaultConfigurationName = Release;
		};
		C67995902BB5C43E00EFD9B5 /* Build configuration list for PBXNativeTarget "SwiftChat" */ = {
			isa = XCConfigurationList;
			buildConfigurations = (
				C67995912BB5C43E00EFD9B5 /* Debug */,
				C67995922BB5C43E00EFD9B5 /* Release */,
			);
			defaultConfigurationIsVisible = 0;
			defaultConfigurationName = Release;
		};
/* End XCConfigurationList section */
	};
	rootObject = C679957A2BB5C43C00EFD9B5 /* Project object */;
}
